
Microsoft Visual Studio Solution File, Format Version 12.00
# Visual Studio Version 16
VisualStudioVersion = 16.0.31205.134
MinimumVisualStudioVersion = 10.0.40219.1
Project("{FAE04EC0-301F-11D3-BF4B-00C04F79EFBC}") = "ZadanieRekrutacyjne", "ZadanieRekrutacyjne.csproj", "{A95325A4-4CA8-4FEF-AAC5-5BC872132D94}"
EndProject
Global
	GlobalSection(SolutionConfigurationPlatforms) = preSolution
		Debug|Any CPU = Debug|Any CPU
		Release|Any CPU = Release|Any CPU
	EndGlobalSection
	GlobalSection(ProjectConfigurationPlatforms) = postSolution
		{A95325A4-4CA8-4FEF-AAC5-5BC872132D94}.Debug|Any CPU.ActiveCfg = Debug|Any CPU
		{A95325A4-4CA8-4FEF-AAC5-5BC872132D94}.Debug|Any CPU.Build.0 = Debug|Any CPU
		{A95325A4-4CA8-4FEF-AAC5-5BC872132D94}.Release|Any CPU.ActiveCfg = Release|Any CPU
		{A95325A4-4CA8-4FEF-AAC5-5BC872132D94}.Release|Any CPU.Build.0 = Release|Any CPU
	EndGlobalSection
	GlobalSection(SolutionProperties) = preSolution
		HideSolutionNode = FALSE
	EndGlobalSection
	GlobalSection(ExtensibilityGlobals) = postSolution
		SolutionGuid = {4EC0E937-8A98-4C1D-B18F-53F7B33F0B42}
	EndGlobalSection
EndGlobal
